
Microsoft Visual Studio Solution File, Format Version 12.00
# Visual Studio Version 16
VisualStudioVersion = 16.0.31424.327
MinimumVisualStudioVersion = 10.0.40219.1
Project("{9A19103F-16F7-4668-BE54-9A1E7A4F7556}") = "itu.WEB", "itu.WEB\itu.WEB.csproj", "{9F25AA8A-FA65-419A-BF7F-CE37FFD3B8E5}"
EndProject
Project("{9A19103F-16F7-4668-BE54-9A1E7A4F7556}") = "itu.DAL", "itu.DAL\itu.DAL.csproj", "{210ECBA4-F93E-4310-A8D6-3C92E7FFC579}"
EndProject
Project("{FAE04EC0-301F-11D3-BF4B-00C04F79EFBC}") = "itu.Common", "itu.Common\itu.Common.csproj", "{6AEF7170-81C5-4517-86DB-035E5AFA3BD3}"
EndProject
Project("{FAE04EC0-301F-11D3-BF4B-00C04F79EFBC}") = "itu.BL", "itu.BL\itu.BL.csproj", "{BC91D47D-FAD1-4077-86B0-DACCD7BC7790}"
EndProject
Global
	GlobalSection(SolutionConfigurationPlatforms) = preSolution
		Debug|Any CPU = Debug|Any CPU
		Release|Any CPU = Release|Any CPU
	EndGlobalSection
	GlobalSection(ProjectConfigurationPlatforms) = postSolution
		{9F25AA8A-FA65-419A-BF7F-CE37FFD3B8E5}.Debug|Any CPU.ActiveCfg = Debug|Any CPU
		{9F25AA8A-FA65-419A-BF7F-CE37FFD3B8E5}.Debug|Any CPU.Build.0 = Debug|Any CPU
		{9F25AA8A-FA65-419A-BF7F-CE37FFD3B8E5}.Release|Any CPU.ActiveCfg = Release|Any CPU
		{9F25AA8A-FA65-419A-BF7F-CE37FFD3B8E5}.Release|Any CPU.Build.0 = Release|Any CPU
		{210ECBA4-F93E-4310-A8D6-3C92E7FFC579}.Debug|Any CPU.ActiveCfg = Debug|Any CPU
		{210ECBA4-F93E-4310-A8D6-3C92E7FFC579}.Debug|Any CPU.Build.0 = Debug|Any CPU
		{210ECBA4-F93E-4310-A8D6-3C92E7FFC579}.Release|Any CPU.ActiveCfg = Release|Any CPU
		{210ECBA4-F93E-4310-A8D6-3C92E7FFC579}.Release|Any CPU.Build.0 = Release|Any CPU
		{6AEF7170-81C5-4517-86DB-035E5AFA3BD3}.Debug|Any CPU.ActiveCfg = Debug|Any CPU
		{6AEF7170-81C5-4517-86DB-035E5AFA3BD3}.Debug|Any CPU.Build.0 = Debug|Any CPU
		{6AEF7170-81C5-4517-86DB-035E5AFA3BD3}.Release|Any CPU.ActiveCfg = Release|Any CPU
		{6AEF7170-81C5-4517-86DB-035E5AFA3BD3}.Release|Any CPU.Build.0 = Release|Any CPU
		{BC91D47D-FAD1-4077-86B0-DACCD7BC7790}.Debug|Any CPU.ActiveCfg = Debug|Any CPU
		{BC91D47D-FAD1-4077-86B0-DACCD7BC7790}.Debug|Any CPU.Build.0 = Debug|Any CPU
		{BC91D47D-FAD1-4077-86B0-DACCD7BC7790}.Release|Any CPU.ActiveCfg = Release|Any CPU
		{BC91D47D-FAD1-4077-86B0-DACCD7BC7790}.Release|Any CPU.Build.0 = Release|Any CPU
	EndGlobalSection
	GlobalSection(SolutionProperties) = preSolution
		HideSolutionNode = FALSE
	EndGlobalSection
	GlobalSection(ExtensibilityGlobals) = postSolution
		SolutionGuid = {3094057F-1888-4352-9EBE-27553D014920}
	EndGlobalSection
EndGlobal
